// !$*UTF8*$!
{
	archiveVersion = 1;
	classes = {
	};
	objectVersion = 55;
	objects = {

/* Begin PBXBuildFile section */
		E586187A27D6F607007BB99D /* AppDelegate.swift in Sources */ = {isa = PBXBuildFile; fileRef = E586187927D6F607007BB99D /* AppDelegate.swift */; };
		E586187C27D6F607007BB99D /* SceneDelegate.swift in Sources */ = {isa = PBXBuildFile; fileRef = E586187B27D6F607007BB99D /* SceneDelegate.swift */; };
		E586188327D6F608007BB99D /* Assets.xcassets in Resources */ = {isa = PBXBuildFile; fileRef = E586188227D6F608007BB99D /* Assets.xcassets */; };
		E586188627D6F608007BB99D /* LaunchScreen.storyboard in Resources */ = {isa = PBXBuildFile; fileRef = E586188427D6F608007BB99D /* LaunchScreen.storyboard */; };
		E586188F27D6F6BE007BB99D /* SnapKit in Frameworks */ = {isa = PBXBuildFile; productRef = E586188E27D6F6BE007BB99D /* SnapKit */; };
		E586189227D6F6CF007BB99D /* Alamofire in Frameworks */ = {isa = PBXBuildFile; productRef = E586189127D6F6CF007BB99D /* Alamofire */; };
		E586189A27D6F85B007BB99D /* eungNewsTests.swift in Sources */ = {isa = PBXBuildFile; fileRef = E586189927D6F85B007BB99D /* eungNewsTests.swift */; };
		E58618A727D6F8D9007BB99D /* eungNewsUITests.swift in Sources */ = {isa = PBXBuildFile; fileRef = E58618A627D6F8D9007BB99D /* eungNewsUITests.swift */; };
		E58618A927D6F8D9007BB99D /* eungNewsUITestsLaunchTests.swift in Sources */ = {isa = PBXBuildFile; fileRef = E58618A827D6F8D9007BB99D /* eungNewsUITestsLaunchTests.swift */; };
		E58618B027D6FB29007BB99D /* NewsListViewController.swift in Sources */ = {isa = PBXBuildFile; fileRef = E58618AF27D6FB29007BB99D /* NewsListViewController.swift */; };
		E58618B227D6FEF1007BB99D /* NewsListPresenter.swift in Sources */ = {isa = PBXBuildFile; fileRef = E58618B127D6FEF1007BB99D /* NewsListPresenter.swift */; };
		E58618B627D709E7007BB99D /* NewsListTableViewCell.swift in Sources */ = {isa = PBXBuildFile; fileRef = E58618B527D709E7007BB99D /* NewsListTableViewCell.swift */; };
		E58618B827D7A2C1007BB99D /* NewsListTableHeaderView.swift in Sources */ = {isa = PBXBuildFile; fileRef = E58618B727D7A2C1007BB99D /* NewsListTableHeaderView.swift */; };
/* End PBXBuildFile section */

/* Begin PBXContainerItemProxy section */
		E586189B27D6F85B007BB99D /* PBXContainerItemProxy */ = {
			isa = PBXContainerItemProxy;
			containerPortal = E586186E27D6F607007BB99D /* Project object */;
			proxyType = 1;
			remoteGlobalIDString = E586187527D6F607007BB99D;
			remoteInfo = eungNews;
		};
		E58618AA27D6F8D9007BB99D /* PBXContainerItemProxy */ = {
			isa = PBXContainerItemProxy;
			containerPortal = E586186E27D6F607007BB99D /* Project object */;
			proxyType = 1;
			remoteGlobalIDString = E586187527D6F607007BB99D;
			remoteInfo = eungNews;
		};
/* End PBXContainerItemProxy section */

/* Begin PBXFileReference section */
		E586187627D6F607007BB99D /* eungNews.app */ = {isa = PBXFileReference; explicitFileType = wrapper.application; includeInIndex = 0; path = eungNews.app; sourceTree = BUILT_PRODUCTS_DIR; };
		E586187927D6F607007BB99D /* AppDelegate.swift */ = {isa = PBXFileReference; lastKnownFileType = sourcecode.swift; path = AppDelegate.swift; sourceTree = "<group>"; };
		E586187B27D6F607007BB99D /* SceneDelegate.swift */ = {isa = PBXFileReference; lastKnownFileType = sourcecode.swift; path = SceneDelegate.swift; sourceTree = "<group>"; };
		E586188227D6F608007BB99D /* Assets.xcassets */ = {isa = PBXFileReference; lastKnownFileType = folder.assetcatalog; path = Assets.xcassets; sourceTree = "<group>"; };
		E586188527D6F608007BB99D /* Base */ = {isa = PBXFileReference; lastKnownFileType = file.storyboard; name = Base; path = Base.lproj/LaunchScreen.storyboard; sourceTree = "<group>"; };
		E586188727D6F608007BB99D /* Info.plist */ = {isa = PBXFileReference; lastKnownFileType = text.plist.xml; path = Info.plist; sourceTree = "<group>"; };
		E586189727D6F85B007BB99D /* eungNewsTests.xctest */ = {isa = PBXFileReference; explicitFileType = wrapper.cfbundle; includeInIndex = 0; path = eungNewsTests.xctest; sourceTree = BUILT_PRODUCTS_DIR; };
		E586189927D6F85B007BB99D /* eungNewsTests.swift */ = {isa = PBXFileReference; lastKnownFileType = sourcecode.swift; path = eungNewsTests.swift; sourceTree = "<group>"; };
		E58618A427D6F8D9007BB99D /* eungNewsUITests.xctest */ = {isa = PBXFileReference; explicitFileType = wrapper.cfbundle; includeInIndex = 0; path = eungNewsUITests.xctest; sourceTree = BUILT_PRODUCTS_DIR; };
		E58618A627D6F8D9007BB99D /* eungNewsUITests.swift */ = {isa = PBXFileReference; lastKnownFileType = sourcecode.swift; path = eungNewsUITests.swift; sourceTree = "<group>"; };
		E58618A827D6F8D9007BB99D /* eungNewsUITestsLaunchTests.swift */ = {isa = PBXFileReference; lastKnownFileType = sourcecode.swift; path = eungNewsUITestsLaunchTests.swift; sourceTree = "<group>"; };
		E58618AF27D6FB29007BB99D /* NewsListViewController.swift */ = {isa = PBXFileReference; lastKnownFileType = sourcecode.swift; path = NewsListViewController.swift; sourceTree = "<group>"; };
		E58618B127D6FEF1007BB99D /* NewsListPresenter.swift */ = {isa = PBXFileReference; lastKnownFileType = sourcecode.swift; path = NewsListPresenter.swift; sourceTree = "<group>"; };
		E58618B527D709E7007BB99D /* NewsListTableViewCell.swift */ = {isa = PBXFileReference; lastKnownFileType = sourcecode.swift; path = NewsListTableViewCell.swift; sourceTree = "<group>"; };
		E58618B727D7A2C1007BB99D /* NewsListTableHeaderView.swift */ = {isa = PBXFileReference; lastKnownFileType = sourcecode.swift; path = NewsListTableHeaderView.swift; sourceTree = "<group>"; };
/* End PBXFileReference section */

/* Begin PBXFrameworksBuildPhase section */
		E586187327D6F607007BB99D /* Frameworks */ = {
			isa = PBXFrameworksBuildPhase;
			buildActionMask = 2147483647;
			files = (
				E586188F27D6F6BE007BB99D /* SnapKit in Frameworks */,
				E586189227D6F6CF007BB99D /* Alamofire in Frameworks */,
			);
			runOnlyForDeploymentPostprocessing = 0;
		};
		E586189427D6F85B007BB99D /* Frameworks */ = {
			isa = PBXFrameworksBuildPhase;
			buildActionMask = 2147483647;
			files = (
			);
			runOnlyForDeploymentPostprocessing = 0;
		};
		E58618A127D6F8D9007BB99D /* Frameworks */ = {
			isa = PBXFrameworksBuildPhase;
			buildActionMask = 2147483647;
			files = (
			);
			runOnlyForDeploymentPostprocessing = 0;
		};
/* End PBXFrameworksBuildPhase section */

/* Begin PBXGroup section */
		E586186D27D6F607007BB99D = {
			isa = PBXGroup;
			children = (
				E586187827D6F607007BB99D /* eungNews */,
				E586189827D6F85B007BB99D /* eungNewsTests */,
				E58618A527D6F8D9007BB99D /* eungNewsUITests */,
				E586187727D6F607007BB99D /* Products */,
			);
			sourceTree = "<group>";
		};
		E586187727D6F607007BB99D /* Products */ = {
			isa = PBXGroup;
			children = (
				E586187627D6F607007BB99D /* eungNews.app */,
				E586189727D6F85B007BB99D /* eungNewsTests.xctest */,
				E58618A427D6F8D9007BB99D /* eungNewsUITests.xctest */,
			);
			name = Products;
			sourceTree = "<group>";
		};
		E586187827D6F607007BB99D /* eungNews */ = {
			isa = PBXGroup;
			children = (
				E586187927D6F607007BB99D /* AppDelegate.swift */,
				E586187B27D6F607007BB99D /* SceneDelegate.swift */,
				E58618B427D6FF0D007BB99D /* Scenes */,
				E586188227D6F608007BB99D /* Assets.xcassets */,
				E586188427D6F608007BB99D /* LaunchScreen.storyboard */,
				E586188727D6F608007BB99D /* Info.plist */,
			);
			path = eungNews;
			sourceTree = "<group>";
		};
		E586189827D6F85B007BB99D /* eungNewsTests */ = {
			isa = PBXGroup;
			children = (
				E586189927D6F85B007BB99D /* eungNewsTests.swift */,
			);
			path = eungNewsTests;
			sourceTree = "<group>";
		};
		E58618A527D6F8D9007BB99D /* eungNewsUITests */ = {
			isa = PBXGroup;
			children = (
				E58618A627D6F8D9007BB99D /* eungNewsUITests.swift */,
				E58618A827D6F8D9007BB99D /* eungNewsUITestsLaunchTests.swift */,
			);
			path = eungNewsUITests;
			sourceTree = "<group>";
		};
		E58618B327D6FF03007BB99D /* NewsList */ = {
			isa = PBXGroup;
			children = (
				E58618AF27D6FB29007BB99D /* NewsListViewController.swift */,
				E58618B127D6FEF1007BB99D /* NewsListPresenter.swift */,
				E58618B527D709E7007BB99D /* NewsListTableViewCell.swift */,
				E58618B727D7A2C1007BB99D /* NewsListTableHeaderView.swift */,
			);
			path = NewsList;
			sourceTree = "<group>";
		};
		E58618B427D6FF0D007BB99D /* Scenes */ = {
			isa = PBXGroup;
			children = (
				E58618B327D6FF03007BB99D /* NewsList */,
			);
			path = Scenes;
			sourceTree = "<group>";
		};
/* End PBXGroup section */

/* Begin PBXNativeTarget section */
		E586187527D6F607007BB99D /* eungNews */ = {
			isa = PBXNativeTarget;
			buildConfigurationList = E586188A27D6F608007BB99D /* Build configuration list for PBXNativeTarget "eungNews" */;
			buildPhases = (
				E586187227D6F607007BB99D /* Sources */,
				E586187327D6F607007BB99D /* Frameworks */,
				E586187427D6F607007BB99D /* Resources */,
			);
			buildRules = (
			);
			dependencies = (
			);
			name = eungNews;
			packageProductDependencies = (
				E586188E27D6F6BE007BB99D /* SnapKit */,
				E586189127D6F6CF007BB99D /* Alamofire */,
			);
			productName = eungNews;
			productReference = E586187627D6F607007BB99D /* eungNews.app */;
			productType = "com.apple.product-type.application";
		};
		E586189627D6F85B007BB99D /* eungNewsTests */ = {
			isa = PBXNativeTarget;
			buildConfigurationList = E586189D27D6F85B007BB99D /* Build configuration list for PBXNativeTarget "eungNewsTests" */;
			buildPhases = (
				E586189327D6F85B007BB99D /* Sources */,
				E586189427D6F85B007BB99D /* Frameworks */,
				E586189527D6F85B007BB99D /* Resources */,
			);
			buildRules = (
			);
			dependencies = (
				E586189C27D6F85B007BB99D /* PBXTargetDependency */,
			);
			name = eungNewsTests;
			productName = eungNewsTests;
			productReference = E586189727D6F85B007BB99D /* eungNewsTests.xctest */;
			productType = "com.apple.product-type.bundle.unit-test";
		};
		E58618A327D6F8D9007BB99D /* eungNewsUITests */ = {
			isa = PBXNativeTarget;
			buildConfigurationList = E58618AC27D6F8D9007BB99D /* Build configuration list for PBXNativeTarget "eungNewsUITests" */;
			buildPhases = (
				E58618A027D6F8D9007BB99D /* Sources */,
				E58618A127D6F8D9007BB99D /* Frameworks */,
				E58618A227D6F8D9007BB99D /* Resources */,
			);
			buildRules = (
			);
			dependencies = (
				E58618AB27D6F8D9007BB99D /* PBXTargetDependency */,
			);
			name = eungNewsUITests;
			productName = eungNewsUITests;
			productReference = E58618A427D6F8D9007BB99D /* eungNewsUITests.xctest */;
			productType = "com.apple.product-type.bundle.ui-testing";
		};
/* End PBXNativeTarget section */

/* Begin PBXProject section */
		E586186E27D6F607007BB99D /* Project object */ = {
			isa = PBXProject;
			attributes = {
				BuildIndependentTargetsInParallel = 1;
				LastSwiftUpdateCheck = 1320;
				LastUpgradeCheck = 1320;
				TargetAttributes = {
					E586187527D6F607007BB99D = {
						CreatedOnToolsVersion = 13.2.1;
					};
					E586189627D6F85B007BB99D = {
						CreatedOnToolsVersion = 13.2.1;
						TestTargetID = E586187527D6F607007BB99D;
					};
					E58618A327D6F8D9007BB99D = {
						CreatedOnToolsVersion = 13.2.1;
						TestTargetID = E586187527D6F607007BB99D;
					};
				};
			};
			buildConfigurationList = E586187127D6F607007BB99D /* Build configuration list for PBXProject "eungNews" */;
			compatibilityVersion = "Xcode 13.0";
			developmentRegion = en;
			hasScannedForEncodings = 0;
			knownRegions = (
				en,
				Base,
			);
			mainGroup = E586186D27D6F607007BB99D;
			packageReferences = (
				E586188D27D6F6BE007BB99D /* XCRemoteSwiftPackageReference "SnapKit" */,
				E586189027D6F6CF007BB99D /* XCRemoteSwiftPackageReference "Alamofire" */,
			);
			productRefGroup = E586187727D6F607007BB99D /* Products */;
			projectDirPath = "";
			projectRoot = "";
			targets = (
				E586187527D6F607007BB99D /* eungNews */,
				E586189627D6F85B007BB99D /* eungNewsTests */,
				E58618A327D6F8D9007BB99D /* eungNewsUITests */,
			);
		};
/* End PBXProject section */

/* Begin PBXResourcesBuildPhase section */
		E586187427D6F607007BB99D /* Resources */ = {
			isa = PBXResourcesBuildPhase;
			buildActionMask = 2147483647;
			files = (
				E586188627D6F608007BB99D /* LaunchScreen.storyboard in Resources */,
				E586188327D6F608007BB99D /* Assets.xcassets in Resources */,
			);
			runOnlyForDeploymentPostprocessing = 0;
		};
		E586189527D6F85B007BB99D /* Resources */ = {
			isa = PBXResourcesBuildPhase;
			buildActionMask = 2147483647;
			files = (
			);
			runOnlyForDeploymentPostprocessing = 0;
		};
		E58618A227D6F8D9007BB99D /* Resources */ = {
			isa = PBXResourcesBuildPhase;
			buildActionMask = 2147483647;
			files = (
			);
			runOnlyForDeploymentPostprocessing = 0;
		};
/* End PBXResourcesBuildPhase section */

/* Begin PBXSourcesBuildPhase section */
		E586187227D6F607007BB99D /* Sources */ = {
			isa = PBXSourcesBuildPhase;
			buildActionMask = 2147483647;
			files = (
				E58618B027D6FB29007BB99D /* NewsListViewController.swift in Sources */,
				E58618B827D7A2C1007BB99D /* NewsListTableHeaderView.swift in Sources */,
				E58618B627D709E7007BB99D /* NewsListTableViewCell.swift in Sources */,
				E586187A27D6F607007BB99D /* AppDelegate.swift in Sources */,
				E586187C27D6F607007BB99D /* SceneDelegate.swift in Sources */,
				E58618B227D6FEF1007BB99D /* NewsListPresenter.swift in Sources */,
			);
			runOnlyForDeploymentPostprocessing = 0;
		};
		E586189327D6F85B007BB99D /* Sources */ = {
			isa = PBXSourcesBuildPhase;
			buildActionMask = 2147483647;
			files = (
				E586189A27D6F85B007BB99D /* eungNewsTests.swift in Sources */,
			);
			runOnlyForDeploymentPostprocessing = 0;
		};
		E58618A027D6F8D9007BB99D /* Sources */ = {
			isa = PBXSourcesBuildPhase;
			buildActionMask = 2147483647;
			files = (
				E58618A927D6F8D9007BB99D /* eungNewsUITestsLaunchTests.swift in Sources */,
				E58618A727D6F8D9007BB99D /* eungNewsUITests.swift in Sources */,
			);
			runOnlyForDeploymentPostprocessing = 0;
		};
/* End PBXSourcesBuildPhase section */

/* Begin PBXTargetDependency section */
		E586189C27D6F85B007BB99D /* PBXTargetDependency */ = {
			isa = PBXTargetDependency;
			target = E586187527D6F607007BB99D /* eungNews */;
			targetProxy = E586189B27D6F85B007BB99D /* PBXContainerItemProxy */;
		};
		E58618AB27D6F8D9007BB99D /* PBXTargetDependency */ = {
			isa = PBXTargetDependency;
			target = E586187527D6F607007BB99D /* eungNews */;
			targetProxy = E58618AA27D6F8D9007BB99D /* PBXContainerItemProxy */;
		};
/* End PBXTargetDependency section */

/* Begin PBXVariantGroup section */
		E586188427D6F608007BB99D /* LaunchScreen.storyboard */ = {
			isa = PBXVariantGroup;
			children = (
				E586188527D6F608007BB99D /* Base */,
			);
			name = LaunchScreen.storyboard;
			sourceTree = "<group>";
		};
/* End PBXVariantGroup section */

/* Begin XCBuildConfiguration section */
		E586188827D6F608007BB99D /* Debug */ = {
			isa = XCBuildConfiguration;
			buildSettings = {
				ALWAYS_SEARCH_USER_PATHS = NO;
				CLANG_ANALYZER_NONNULL = YES;
				CLANG_ANALYZER_NUMBER_OBJECT_CONVERSION = YES_AGGRESSIVE;
				CLANG_CXX_LANGUAGE_STANDARD = "gnu++17";
				CLANG_CXX_LIBRARY = "libc++";
				CLANG_ENABLE_MODULES = YES;
				CLANG_ENABLE_OBJC_ARC = YES;
				CLANG_ENABLE_OBJC_WEAK = YES;
				CLANG_WARN_BLOCK_CAPTURE_AUTORELEASING = YES;
				CLANG_WARN_BOOL_CONVERSION = YES;
				CLANG_WARN_COMMA = YES;
				CLANG_WARN_CONSTANT_CONVERSION = YES;
				CLANG_WARN_DEPRECATED_OBJC_IMPLEMENTATIONS = YES;
				CLANG_WARN_DIRECT_OBJC_ISA_USAGE = YES_ERROR;
				CLANG_WARN_DOCUMENTATION_COMMENTS = YES;
				CLANG_WARN_EMPTY_BODY = YES;
				CLANG_WARN_ENUM_CONVERSION = YES;
				CLANG_WARN_INFINITE_RECURSION = YES;
				CLANG_WARN_INT_CONVERSION = YES;
				CLANG_WARN_NON_LITERAL_NULL_CONVERSION = YES;
				CLANG_WARN_OBJC_IMPLICIT_RETAIN_SELF = YES;
				CLANG_WARN_OBJC_LITERAL_CONVERSION = YES;
				CLANG_WARN_OBJC_ROOT_CLASS = YES_ERROR;
				CLANG_WARN_QUOTED_INCLUDE_IN_FRAMEWORK_HEADER = YES;
				CLANG_WARN_RANGE_LOOP_ANALYSIS = YES;
				CLANG_WARN_STRICT_PROTOTYPES = YES;
				CLANG_WARN_SUSPICIOUS_MOVE = YES;
				CLANG_WARN_UNGUARDED_AVAILABILITY = YES_AGGRESSIVE;
				CLANG_WARN_UNREACHABLE_CODE = YES;
				CLANG_WARN__DUPLICATE_METHOD_MATCH = YES;
				COPY_PHASE_STRIP = NO;
				DEBUG_INFORMATION_FORMAT = dwarf;
				ENABLE_STRICT_OBJC_MSGSEND = YES;
				ENABLE_TESTABILITY = YES;
				GCC_C_LANGUAGE_STANDARD = gnu11;
				GCC_DYNAMIC_NO_PIC = NO;
				GCC_NO_COMMON_BLOCKS = YES;
				GCC_OPTIMIZATION_LEVEL = 0;
				GCC_PREPROCESSOR_DEFINITIONS = (
					"DEBUG=1",
					"$(inherited)",
				);
				GCC_WARN_64_TO_32_BIT_CONVERSION = YES;
				GCC_WARN_ABOUT_RETURN_TYPE = YES_ERROR;
				GCC_WARN_UNDECLARED_SELECTOR = YES;
				GCC_WARN_UNINITIALIZED_AUTOS = YES_AGGRESSIVE;
				GCC_WARN_UNUSED_FUNCTION = YES;
				GCC_WARN_UNUSED_VARIABLE = YES;
				IPHONEOS_DEPLOYMENT_TARGET = 15.2;
				MTL_ENABLE_DEBUG_INFO = INCLUDE_SOURCE;
				MTL_FAST_MATH = YES;
				ONLY_ACTIVE_ARCH = YES;
				SDKROOT = iphoneos;
				SWIFT_ACTIVE_COMPILATION_CONDITIONS = DEBUG;
				SWIFT_OPTIMIZATION_LEVEL = "-Onone";
			};
			name = Debug;
		};
		E586188927D6F608007BB99D /* Release */ = {
			isa = XCBuildConfiguration;
			buildSettings = {
				ALWAYS_SEARCH_USER_PATHS = NO;
				CLANG_ANALYZER_NONNULL = YES;
				CLANG_ANALYZER_NUMBER_OBJECT_CONVERSION = YES_AGGRESSIVE;
				CLANG_CXX_LANGUAGE_STANDARD = "gnu++17";
				CLANG_CXX_LIBRARY = "libc++";
				CLANG_ENABLE_MODULES = YES;
				CLANG_ENABLE_OBJC_ARC = YES;
				CLANG_ENABLE_OBJC_WEAK = YES;
				CLANG_WARN_BLOCK_CAPTURE_AUTORELEASING = YES;
				CLANG_WARN_BOOL_CONVERSION = YES;
				CLANG_WARN_COMMA = YES;
				CLANG_WARN_CONSTANT_CONVERSION = YES;
				CLANG_WARN_DEPRECATED_OBJC_IMPLEMENTATIONS = YES;
				CLANG_WARN_DIRECT_OBJC_ISA_USAGE = YES_ERROR;
				CLANG_WARN_DOCUMENTATION_COMMENTS = YES;
				CLANG_WARN_EMPTY_BODY = YES;
				CLANG_WARN_ENUM_CONVERSION = YES;
				CLANG_WARN_INFINITE_RECURSION = YES;
				CLANG_WARN_INT_CONVERSION = YES;
				CLANG_WARN_NON_LITERAL_NULL_CONVERSION = YES;
				CLANG_WARN_OBJC_IMPLICIT_RETAIN_SELF = YES;
				CLANG_WARN_OBJC_LITERAL_CONVERSION = YES;
				CLANG_WARN_OBJC_ROOT_CLASS = YES_ERROR;
				CLANG_WARN_QUOTED_INCLUDE_IN_FRAMEWORK_HEADER = YES;
				CLANG_WARN_RANGE_LOOP_ANALYSIS = YES;
				CLANG_WARN_STRICT_PROTOTYPES = YES;
				CLANG_WARN_SUSPICIOUS_MOVE = YES;
				CLANG_WARN_UNGUARDED_AVAILABILITY = YES_AGGRESSIVE;
				CLANG_WARN_UNREACHABLE_CODE = YES;
				CLANG_WARN__DUPLICATE_METHOD_MATCH = YES;
				COPY_PHASE_STRIP = NO;
				DEBUG_INFORMATION_FORMAT = "dwarf-with-dsym";
				ENABLE_NS_ASSERTIONS = NO;
				ENABLE_STRICT_OBJC_MSGSEND = YES;
				GCC_C_LANGUAGE_STANDARD = gnu11;
				GCC_NO_COMMON_BLOCKS = YES;
				GCC_WARN_64_TO_32_BIT_CONVERSION = YES;
				GCC_WARN_ABOUT_RETURN_TYPE = YES_ERROR;
				GCC_WARN_UNDECLARED_SELECTOR = YES;
				GCC_WARN_UNINITIALIZED_AUTOS = YES_AGGRESSIVE;
				GCC_WARN_UNUSED_FUNCTION = YES;
				GCC_WARN_UNUSED_VARIABLE = YES;
				IPHONEOS_DEPLOYMENT_TARGET = 15.2;
				MTL_ENABLE_DEBUG_INFO = NO;
				MTL_FAST_MATH = YES;
				SDKROOT = iphoneos;
				SWIFT_COMPILATION_MODE = wholemodule;
				SWIFT_OPTIMIZATION_LEVEL = "-O";
				VALIDATE_PRODUCT = YES;
			};
			name = Release;
		};
		E586188B27D6F608007BB99D /* Debug */ = {
			isa = XCBuildConfiguration;
			buildSettings = {
				ASSETCATALOG_COMPILER_APPICON_NAME = AppIcon;
				ASSETCATALOG_COMPILER_GLOBAL_ACCENT_COLOR_NAME = AccentColor;
				CODE_SIGN_STYLE = Automatic;
				CURRENT_PROJECT_VERSION = 1;
				DEVELOPMENT_TEAM = 95JTZ6AP78;
				GENERATE_INFOPLIST_FILE = YES;
				INFOPLIST_FILE = eungNews/Info.plist;
				INFOPLIST_KEY_UIApplicationSupportsIndirectInputEvents = YES;
				INFOPLIST_KEY_UILaunchStoryboardName = LaunchScreen;
				INFOPLIST_KEY_UISupportedInterfaceOrientations_iPad = "UIInterfaceOrientationPortrait UIInterfaceOrientationPortraitUpsideDown UIInterfaceOrientationLandscapeLeft UIInterfaceOrientationLandscapeRight";
				INFOPLIST_KEY_UISupportedInterfaceOrientations_iPhone = "UIInterfaceOrientationPortrait UIInterfaceOrientationLandscapeLeft UIInterfaceOrientationLandscapeRight";
				LD_RUNPATH_SEARCH_PATHS = (
					"$(inherited)",
					"@executable_path/Frameworks",
				);
				MARKETING_VERSION = 1.0;
				PRODUCT_BUNDLE_IDENTIFIER = eungcheol.eungNews;
				PRODUCT_NAME = "$(TARGET_NAME)";
				SWIFT_EMIT_LOC_STRINGS = YES;
				SWIFT_VERSION = 5.0;
				TARGETED_DEVICE_FAMILY = "1,2";
			};
			name = Debug;
		};
		E586188C27D6F608007BB99D /* Release */ = {
			isa = XCBuildConfiguration;
			buildSettings = {
				ASSETCATALOG_COMPILER_APPICON_NAME = AppIcon;
				ASSETCATALOG_COMPILER_GLOBAL_ACCENT_COLOR_NAME = AccentColor;
				CODE_SIGN_STYLE = Automatic;
				CURRENT_PROJECT_VERSION = 1;
				DEVELOPMENT_TEAM = 95JTZ6AP78;
				GENERATE_INFOPLIST_FILE = YES;
				INFOPLIST_FILE = eungNews/Info.plist;
				INFOPLIST_KEY_UIApplicationSupportsIndirectInputEvents = YES;
				INFOPLIST_KEY_UILaunchStoryboardName = LaunchScreen;
				INFOPLIST_KEY_UISupportedInterfaceOrientations_iPad = "UIInterfaceOrientationPortrait UIInterfaceOrientationPortraitUpsideDown UIInterfaceOrientationLandscapeLeft UIInterfaceOrientationLandscapeRight";
				INFOPLIST_KEY_UISupportedInterfaceOrientations_iPhone = "UIInterfaceOrientationPortrait UIInterfaceOrientationLandscapeLeft UIInterfaceOrientationLandscapeRight";
				LD_RUNPATH_SEARCH_PATHS = (
					"$(inherited)",
					"@executable_path/Frameworks",
				);
				MARKETING_VERSION = 1.0;
				PRODUCT_BUNDLE_IDENTIFIER = eungcheol.eungNews;
				PRODUCT_NAME = "$(TARGET_NAME)";
				SWIFT_EMIT_LOC_STRINGS = YES;
				SWIFT_VERSION = 5.0;
				TARGETED_DEVICE_FAMILY = "1,2";
			};
			name = Release;
		};
		E586189E27D6F85B007BB99D /* Debug */ = {
			isa = XCBuildConfiguration;
			buildSettings = {
				BUNDLE_LOADER = "$(TEST_HOST)";
				CODE_SIGN_STYLE = Automatic;
				CURRENT_PROJECT_VERSION = 1;
				DEVELOPMENT_TEAM = 95JTZ6AP78;
				GENERATE_INFOPLIST_FILE = YES;
				MARKETING_VERSION = 1.0;
				PRODUCT_BUNDLE_IDENTIFIER = eungcheol.eungNewsTests;
				PRODUCT_NAME = "$(TARGET_NAME)";
				SWIFT_EMIT_LOC_STRINGS = NO;
				SWIFT_VERSION = 5.0;
				TARGETED_DEVICE_FAMILY = "1,2";
				TEST_HOST = "$(BUILT_PRODUCTS_DIR)/eungNews.app/eungNews";
			};
			name = Debug;
		};
		E586189F27D6F85B007BB99D /* Release */ = {
			isa = XCBuildConfiguration;
			buildSettings = {
				BUNDLE_LOADER = "$(TEST_HOST)";
				CODE_SIGN_STYLE = Automatic;
				CURRENT_PROJECT_VERSION = 1;
				DEVELOPMENT_TEAM = 95JTZ6AP78;
				GENERATE_INFOPLIST_FILE = YES;
				MARKETING_VERSION = 1.0;
				PRODUCT_BUNDLE_IDENTIFIER = eungcheol.eungNewsTests;
				PRODUCT_NAME = "$(TARGET_NAME)";
				SWIFT_EMIT_LOC_STRINGS = NO;
				SWIFT_VERSION = 5.0;
				TARGETED_DEVICE_FAMILY = "1,2";
				TEST_HOST = "$(BUILT_PRODUCTS_DIR)/eungNews.app/eungNews";
			};
			name = Release;
		};
		E58618AD27D6F8D9007BB99D /* Debug */ = {
			isa = XCBuildConfiguration;
			buildSettings = {
				CODE_SIGN_STYLE = Automatic;
				CURRENT_PROJECT_VERSION = 1;
				DEVELOPMENT_TEAM = 95JTZ6AP78;
				GENERATE_INFOPLIST_FILE = YES;
				MARKETING_VERSION = 1.0;
				PRODUCT_BUNDLE_IDENTIFIER = eungcheol.eungNewsUITests;
				PRODUCT_NAME = "$(TARGET_NAME)";
				SWIFT_EMIT_LOC_STRINGS = NO;
				SWIFT_VERSION = 5.0;
				TARGETED_DEVICE_FAMILY = "1,2";
				TEST_TARGET_NAME = eungNews;
			};
			name = Debug;
		};
		E58618AE27D6F8D9007BB99D /* Release */ = {
			isa = XCBuildConfiguration;
			buildSettings = {
				CODE_SIGN_STYLE = Automatic;
				CURRENT_PROJECT_VERSION = 1;
				DEVELOPMENT_TEAM = 95JTZ6AP78;
				GENERATE_INFOPLIST_FILE = YES;
				MARKETING_VERSION = 1.0;
				PRODUCT_BUNDLE_IDENTIFIER = eungcheol.eungNewsUITests;
				PRODUCT_NAME = "$(TARGET_NAME)";
				SWIFT_EMIT_LOC_STRINGS = NO;
				SWIFT_VERSION = 5.0;
				TARGETED_DEVICE_FAMILY = "1,2";
				TEST_TARGET_NAME = eungNews;
			};
			name = Release;
		};
/* End XCBuildConfiguration section */

/* Begin XCConfigurationList section */
		E586187127D6F607007BB99D /* Build configuration list for PBXProject "eungNews" */ = {
			isa = XCConfigurationList;
			buildConfigurations = (
				E586188827D6F608007BB99D /* Debug */,
				E586188927D6F608007BB99D /* Release */,
			);
			defaultConfigurationIsVisible = 0;
			defaultConfigurationName = Release;
		};
		E586188A27D6F608007BB99D /* Build configuration list for PBXNativeTarget "eungNews" */ = {
			isa = XCConfigurationList;
			buildConfigurations = (
				E586188B27D6F608007BB99D /* Debug */,
				E586188C27D6F608007BB99D /* Release */,
			);
			defaultConfigurationIsVisible = 0;
			defaultConfigurationName = Release;
		};
		E586189D27D6F85B007BB99D /* Build configuration list for PBXNativeTarget "eungNewsTests" */ = {
			isa = XCConfigurationList;
			buildConfigurations = (
				E586189E27D6F85B007BB99D /* Debug */,
				E586189F27D6F85B007BB99D /* Release */,
			);
			defaultConfigurationIsVisible = 0;
			defaultConfigurationName = Release;
		};
		E58618AC27D6F8D9007BB99D /* Build configuration list for PBXNativeTarget "eungNewsUITests" */ = {
			isa = XCConfigurationList;
			buildConfigurations = (
				E58618AD27D6F8D9007BB99D /* Debug */,
				E58618AE27D6F8D9007BB99D /* Release */,
			);
			defaultConfigurationIsVisible = 0;
			defaultConfigurationName = Release;
		};
/* End XCConfigurationList section */

/* Begin XCRemoteSwiftPackageReference section */
		E586188D27D6F6BE007BB99D /* XCRemoteSwiftPackageReference "SnapKit" */ = {
			isa = XCRemoteSwiftPackageReference;
			repositoryURL = "https://github.com/SnapKit/SnapKit.git";
			requirement = {
				kind = upToNextMajorVersion;
				minimumVersion = 5.0.0;
			};
		};
		E586189027D6F6CF007BB99D /* XCRemoteSwiftPackageReference "Alamofire" */ = {
			isa = XCRemoteSwiftPackageReference;
			repositoryURL = "https://github.com/Alamofire/Alamofire.git";
			requirement = {
				kind = upToNextMajorVersion;
				minimumVersion = 5.0.0;
			};
		};
/* End XCRemoteSwiftPackageReference section */

/* Begin XCSwiftPackageProductDependency section */
		E586188E27D6F6BE007BB99D /* SnapKit */ = {
			isa = XCSwiftPackageProductDependency;
			package = E586188D27D6F6BE007BB99D /* XCRemoteSwiftPackageReference "SnapKit" */;
			productName = SnapKit;
		};
		E586189127D6F6CF007BB99D /* Alamofire */ = {
			isa = XCSwiftPackageProductDependency;
			package = E586189027D6F6CF007BB99D /* XCRemoteSwiftPackageReference "Alamofire" */;
			productName = Alamofire;
		};
/* End XCSwiftPackageProductDependency section */
	};
	rootObject = E586186E27D6F607007BB99D /* Project object */;
}
